{
    ["linux|x86_64"] = {
        ["cmake#f56260b5"] = {
            repo = {
                branch = "master",
                commit = "868b0162b8070d3f8fa30fc0d00b3e0e32d605c3",
                url = "https://gitlab.com/tboox/xmake-repo.git"
            },
            version = "4.3.4"
        },
        ["glaze#f56260b5"] = {
            repo = {
                branch = "master",
                commit = "868b0162b8070d3f8fa30fc0d00b3e0e32d605c3",
                url = "https://gitlab.com/tboox/xmake-repo.git"
            },
            version = "v7.9.0"
        },
        ["ninja#f56260b5"] = {
            repo = {
                branch = "master",
                commit = "868b0162b8070d3f8fa30fc0d00b3e0e32d605c3",
                url = "https://gitlab.com/tboox/xmake-repo.git"
            },
            version = "v1.13.2"
        },
        ["spdlog#09c8c173"] = {
            repo = {
                branch = "master",
                commit = "868b0162b8070d3f8fa30fc0d00b3e0e32d605c3",
                url = "https://gitlab.com/tboox/xmake-repo.git"
            },
            version = "v1.17.0"
        },
        ["toml11#f56260b5"] = {
            repo = {
                branch = "master",
                commit = "868b0162b8070d3f8fa30fc0d00b3e0e32d605c3",
                url = "https://gitlab.com/tboox/xmake-repo.git"
            },
            version = "v4.4.0"
        }
    },
    __meta__ = {
        version = "1.0"
    },
    ["windows|x64"] = {
        ["cmake#f56260b5"] = {
            version = "4.2.3"
        },
        ["glaze#f56260b5"] = {
            version = "v6.1.0"
        },
        ["ninja#f56260b5"] = {
            version = "1.12.1"
        },
        ["spdlog#09c8c173"] = {
            version = "v1.16.0"
        },
        ["toml11#f56260b5"] = {
            version = "v4.4.0"
        }
    }
}